Microsoft Visual Studio Solution File, Format Version 12.00
# Visual Studio Version 17
VisualStudioVersion = 17.5.33516.290
MinimumVisualStudioVersion = 10.0.40219.1
Project("{9A19103F-16F7-4668-BE54-9A1E7A4F7556}") = "PlaywrightMcpServer", "PlaywrightMcpServer/PlaywrightMcpServer.csproj", "{703EB079-4493-4C62-9531-DC0CF326AE72}"
EndProject
Project("{9A19103F-16F7-4668-BE54-9A1E7A4F7556}") = "PlaywrightRemoteBrowserLauncher", "PlaywrightRemoteBrowserLauncher/PlaywrightRemoteBrowserLauncher.csproj", "{6713D491-34E2-4096-94DB-F3FAB1D33641}"
EndProject
Project("{9A19103F-16F7-4668-BE54-9A1E7A4F7556}") = "PlaywrightMcpServer.Tests", "PlaywrightMcpServer.Tests/PlaywrightMcpServer.Tests.csproj", "{C7374F4B-618B-49DD-ACAA-8280044F961D}"
EndProject
Project("{9A19103F-16F7-4668-BE54-9A1E7A4F7556}") = "WebView2BrowserHost", "WebView2BrowserHost/WebView2BrowserHost.csproj", "{8843B0DD-BD4A-4DB1-AFB0-2EE8730863D9}"
EndProject
Project("{9A19103F-16F7-4668-BE54-9A1E7A4F7556}") = "DetectBrowserProcess", "DetectBrowserProcess/DetectBrowserProcess.csproj", "{DC1763F4-7839-4681-8FCE-5CE7F8AEE30A}"
EndProject
Global
    GlobalSection(SolutionConfigurationPlatforms) = preSolution
        Debug|Any CPU = Debug|Any CPU
        Release|Any CPU = Release|Any CPU
    EndGlobalSection
    GlobalSection(ProjectConfigurationPlatforms) = postSolution
        {703EB079-4493-4C62-9531-DC0CF326AE72}.Debug|Any CPU.ActiveCfg = Debug|Any CPU
        {703EB079-4493-4C62-9531-DC0CF326AE72}.Debug|Any CPU.Build.0 = Debug|Any CPU
        {703EB079-4493-4C62-9531-DC0CF326AE72}.Release|Any CPU.ActiveCfg = Release|Any CPU
        {703EB079-4493-4C62-9531-DC0CF326AE72}.Release|Any CPU.Build.0 = Release|Any CPU
        {6713D491-34E2-4096-94DB-F3FAB1D33641}.Debug|Any CPU.ActiveCfg = Debug|Any CPU
        {6713D491-34E2-4096-94DB-F3FAB1D33641}.Debug|Any CPU.Build.0 = Debug|Any CPU
        {6713D491-34E2-4096-94DB-F3FAB1D33641}.Release|Any CPU.ActiveCfg = Release|Any CPU
        {6713D491-34E2-4096-94DB-F3FAB1D33641}.Release|Any CPU.Build.0 = Release|Any CPU
        {C7374F4B-618B-49DD-ACAA-8280044F961D}.Debug|Any CPU.ActiveCfg = Debug|Any CPU
        {C7374F4B-618B-49DD-ACAA-8280044F961D}.Debug|Any CPU.Build.0 = Debug|Any CPU
        {C7374F4B-618B-49DD-ACAA-8280044F961D}.Release|Any CPU.ActiveCfg = Release|Any CPU
        {C7374F4B-618B-49DD-ACAA-8280044F961D}.Release|Any CPU.Build.0 = Release|Any CPU
        {8843B0DD-BD4A-4DB1-AFB0-2EE8730863D9}.Debug|Any CPU.ActiveCfg = Debug|Any CPU
        {8843B0DD-BD4A-4DB1-AFB0-2EE8730863D9}.Debug|Any CPU.Build.0 = Debug|Any CPU
        {8843B0DD-BD4A-4DB1-AFB0-2EE8730863D9}.Release|Any CPU.ActiveCfg = Release|Any CPU
        {8843B0DD-BD4A-4DB1-AFB0-2EE8730863D9}.Release|Any CPU.Build.0 = Release|Any CPU
        {DC1763F4-7839-4681-8FCE-5CE7F8AEE30A}.Debug|Any CPU.ActiveCfg = Debug|Any CPU
        {DC1763F4-7839-4681-8FCE-5CE7F8AEE30A}.Debug|Any CPU.Build.0 = Debug|Any CPU
        {DC1763F4-7839-4681-8FCE-5CE7F8AEE30A}.Release|Any CPU.ActiveCfg = Release|Any CPU
        {DC1763F4-7839-4681-8FCE-5CE7F8AEE30A}.Release|Any CPU.Build.0 = Release|Any CPU
    EndGlobalSection
    GlobalSection(SolutionProperties) = preSolution
        HideSolutionNode = FALSE
    EndGlobalSection
    GlobalSection(ExtensibilityGlobals) = postSolution
        SolutionGuid = {886980F8-F7B1-4C52-8FB3-840DFB842318}
    EndGlobalSection
EndGlobal
